{
  "name": "@geniesh/kernel",
  "version": "1.0.0",
  "lockfileVersion": 3,
  "requires": true,
  "packages": {
    "": {
      "name": "@geniesh/kernel",
      "version": "1.0.0",
      "dependencies": {
        "@ast-grep/napi": "^0.42.2",
        "tree-sitter-c": "^0.24.1",
        "tree-sitter-go": "^0.25.0",
        "tree-sitter-java": "^0.23.5",
        "tree-sitter-php": "^0.24.2",
        "tree-sitter-python": "^0.25.0",
        "tree-sitter-rust": "^0.24.0",
        "web-tree-sitter": "^0.26.8"
      },
      "engines": {
        "node": ">=18.0.0"
      }
    },
    "node_modules/@ast-grep/napi": {
      "version": "0.42.2",
      "resolved": "https://registry.npmjs.org/@ast-grep/napi/-/napi-0.42.2.tgz",
      "integrity": "sha512-Iw4YxQi1RpURCENzqYd47m+/lqt6kbl8mhiOHS0kBfHPjcCqrJ3l4ISO2nbEiOcLYAp1ImXFiQHMjt6AdOLGLw==",
      "license": "MIT",
      "engines": {
        "node": ">= 10"
      },
      "optionalDependencies": {
        "@ast-grep/napi-darwin-arm64": "0.42.2",
        "@ast-grep/napi-darwin-x64": "0.42.2",
        "@ast-grep/napi-linux-arm64-gnu": "0.42.2",
        "@ast-grep/napi-linux-arm64-musl": "0.42.2",
        "@ast-grep/napi-linux-x64-gnu": "0.42.2",
        "@ast-grep/napi-linux-x64-musl": "0.42.2",
        "@ast-grep/napi-win32-arm64-msvc": "0.42.2",
        "@ast-grep/napi-win32-ia32-msvc": "0.42.2",
        "@ast-grep/napi-win32-x64-msvc": "0.42.2"
      }
    },
    "node_modules/@ast-grep/napi-darwin-arm64": {
      "version": "0.42.2",
      "resolved": "https://registry.npmjs.org/@ast-grep/napi-darwin-arm64/-/napi-darwin-arm64-0.42.2.tgz",
      "integrity": "sha512-EKRI0LogIOtT2pk8vGnYzJauXsuunxAb5Q4YdvqZDbE9xpC4c8QLfox50njlYARk9kGlRNA/ZlOLhCwDzkoCgQ==",
      "cpu": [
        "arm64"
      ],
      "license": "MIT",
      "optional": true,
      "os": [
        "darwin"
      ],
      "engines": {
        "node": ">= 10"
      }
    },
    "node_modules/@ast-grep/napi-darwin-x64": {
      "version": "0.42.2",
      "resolved": "https://registry.npmjs.org/@ast-grep/napi-darwin-x64/-/napi-darwin-x64-0.42.2.tgz",
      "integrity": "sha512-O8c8HZQAPfEOSO9WT/lLp6II0bWuXluP4NchPwAqZGaBaNSw9j6rvOXz7RcRx7LTBZg9kTeujfiH2Hr56kftUQ==",
      "cpu": [
        "x64"
      ],
      "license": "MIT",
      "optional": true,
      "os": [
        "darwin"
      ],
      "engines": {
        "node": ">= 10"
      }
    },
    "node_modules/@ast-grep/napi-linux-arm64-gnu": {
      "version": "0.42.2",
      "resolved": "https://registry.npmjs.org/@ast-grep/napi-linux-arm64-gnu/-/napi-linux-arm64-gnu-0.42.2.tgz",
      "integrity": "sha512-lO3+fB4Osj+aA9Xy+CZAu6u461cBV0hAOlL/zt8wfc4FMhzd9x41N/J8VdhsgAKEJTw622d/jbFaDL1Un3Q73Q==",
      "cpu": [
        "arm64"
      ],
      "libc": [
        "glibc"
      ],
      "license": "MIT",
      "optional": true,
      "os": [
        "linux"
      ],
      "engines": {
        "node": ">= 10"
      }
    },
    "node_modules/@ast-grep/napi-linux-arm64-musl": {
      "version": "0.42.2",
      "resolved": "https://registry.npmjs.org/@ast-grep/napi-linux-arm64-musl/-/napi-linux-arm64-musl-0.42.2.tgz",
      "integrity": "sha512-uP94ZH9nJpdsYDAlkTe2EjNsY43ratloLCdM/kUJHnW2lgIiH4lsw8aotr5hsEgEaaCK41nxe7Kx9lpt4Iz7SA==",
      "cpu": [
        "arm64"
      ],
      "libc": [
        "musl"
      ],
      "license": "MIT",
      "optional": true,
      "os": [
        "linux"
      ],
      "engines": {
        "node": ">= 10"
      }
    },
    "node_modules/@ast-grep/napi-linux-x64-gnu": {
      "version": "0.42.2",
      "resolved": "https://registry.npmjs.org/@ast-grep/napi-linux-x64-gnu/-/napi-linux-x64-gnu-0.42.2.tgz",
      "integrity": "sha512-nQNtOiYUQp9DwIf18fjuh8qE5k/Wa1aEIYFmR/qi3MCd7w1N6mnVEk1QHU2NXLIXfR6PL8jwB/2s7Zzlq5fZuw==",
      "cpu": [
        "x64"
      ],
      "libc": [
        "glibc"
      ],
      "license": "MIT",
      "optional": true,
      "os": [
        "linux"
      ],
      "engines": {
        "node": ">= 10"
      }
    },
    "node_modules/@ast-grep/napi-linux-x64-musl": {
      "version": "0.42.2",
      "resolved": "https://registry.npmjs.org/@ast-grep/napi-linux-x64-musl/-/napi-linux-x64-musl-0.42.2.tgz",
      "integrity": "sha512-U9ndEg8UiTw6EiDqhdRS8tbfQTU5LNB4cKfKNiOEmx0raRcGQK6QYRGIUXraD2O+fAa6Mi4C9zkaz0KinImMcg==",
      "cpu": [
        "x64"
      ],
      "libc": [
        "musl"
      ],
      "license": "MIT",
      "optional": true,
      "os": [
        "linux"
      ],
      "engines": {
        "node": ">= 10"
      }
    },
    "node_modules/@ast-grep/napi-win32-arm64-msvc": {
      "version": "0.42.2",
      "resolved": "https://registry.npmjs.org/@ast-grep/napi-win32-arm64-msvc/-/napi-win32-arm64-msvc-0.42.2.tgz",
      "integrity": "sha512-RJF+c308wy5dvctcOUmShICdcwAg1hHyQiwammb6tM66b1Oo9dEuoVVM97DZgxjSU18t+m7e5DG4n3y0i3q8qw==",
      "cpu": [
        "arm64"
      ],
      "license": "MIT",
      "optional": true,
      "os": [
        "win32"
      ],
      "engines": {
        "node": ">= 10"
      }
    },
    "node_modules/@ast-grep/napi-win32-ia32-msvc": {
      "version": "0.42.2",
      "resolved": "https://registry.npmjs.org/@ast-grep/napi-win32-ia32-msvc/-/napi-win32-ia32-msvc-0.42.2.tgz",
      "integrity": "sha512-/fL34WjMtvRPYgK87GGYWdaATzABv0aU4HFd8L0wTN3I+Jx2SYjPUmhg19MnCLshzVMoYeBQQlS/Rpe6E8z0Iw==",
      "cpu": [
        "ia32"
      ],
      "license": "MIT",
      "optional": true,
      "os": [
        "win32"
      ],
      "engines": {
        "node": ">= 10"
      }
    },
    "node_modules/@ast-grep/napi-win32-x64-msvc": {
      "version": "0.42.2",
      "resolved": "https://registry.npmjs.org/@ast-grep/napi-win32-x64-msvc/-/napi-win32-x64-msvc-0.42.2.tgz",
      "integrity": "sha512-z+M9ft0WfLiHP22gA6BGsV74I907S3OKchE6okyC8Ej9hO95h2YDQbk77y8VKVcnzDWl3U+RdRBfSS4jisUodQ==",
      "cpu": [
        "x64"
      ],
      "license": "MIT",
      "optional": true,
      "os": [
        "win32"
      ],
      "engines": {
        "node": ">= 10"
      }
    },
    "node_modules/node-addon-api": {
      "version": "8.7.0",
      "resolved": "https://registry.npmjs.org/node-addon-api/-/node-addon-api-8.7.0.tgz",
      "integrity": "sha512-9MdFxmkKaOYVTV+XVRG8ArDwwQ77XIgIPyKASB1k3JPq3M8fGQQQE3YpMOrKm6g//Ktx8ivZr8xo1Qmtqub+GA==",
      "license": "MIT",
      "engines": {
        "node": "^18 || ^20 || >= 21"
      }
    },
    "node_modules/node-gyp-build": {
      "version": "4.8.4",
      "resolved": "https://registry.npmjs.org/node-gyp-build/-/node-gyp-build-4.8.4.tgz",
      "integrity": "sha512-LA4ZjwlnUblHVgq0oBF3Jl/6h/Nvs5fzBLwdEF4nuxnFdsfajde4WfxtJr3CaiH+F6ewcIB/q4jQ4UzPyid+CQ==",
      "license": "MIT",
      "bin": {
        "node-gyp-build": "bin.js",
        "node-gyp-build-optional": "optional.js",
        "node-gyp-build-test": "build-test.js"
      }
    },
    "node_modules/tree-sitter-c": {
      "version": "0.24.1",
      "resolved": "https://registry.npmjs.org/tree-sitter-c/-/tree-sitter-c-0.24.1.tgz",
      "integrity": "sha512-lkYwWN3SRecpvaeqmFKkuPNR3ZbtnvHU+4XAEEkJdrp3JfSp2pBrhXOtvfsENUneye76g889Y0ddF2DM0gEDpA==",
      "hasInstallScript": true,
      "license": "MIT",
      "dependencies": {
        "node-addon-api": "^8.3.1",
        "node-gyp-build": "^4.8.4"
      },
      "peerDependencies": {
        "tree-sitter": "^0.22.4"
      },
      "peerDependenciesMeta": {
        "tree-sitter": {
          "optional": true
        }
      }
    },
    "node_modules/tree-sitter-go": {
      "version": "0.25.0",
      "resolved": "https://registry.npmjs.org/tree-sitter-go/-/tree-sitter-go-0.25.0.tgz",
      "integrity": "sha512-APBc/Dq3xz/e35Xpkhb1blu5UgW+2E3RyGWawZSCNcbGwa7jhSQPS8KsUupuzBla8PCo8+lz9W/JDJjmfRa2tw==",
      "hasInstallScript": true,
      "license": "MIT",
      "dependencies": {
        "node-addon-api": "^8.3.1",
        "node-gyp-build": "^4.8.4"
      },
      "peerDependencies": {
        "tree-sitter": "^0.25.0"
      },
      "peerDependenciesMeta": {
        "tree-sitter": {
          "optional": true
        }
      }
    },
    "node_modules/tree-sitter-java": {
      "version": "0.23.5",
      "resolved": "https://registry.npmjs.org/tree-sitter-java/-/tree-sitter-java-0.23.5.tgz",
      "integrity": "sha512-Yju7oQ0Xx7GcUT01mUglPP+bYfvqjNCGdxqigTnew9nLGoII42PNVP3bHrYeMxswiCRM0yubWmN5qk+zsg0zMA==",
      "hasInstallScript": true,
      "license": "MIT",
      "dependencies": {
        "node-addon-api": "^8.2.2",
        "node-gyp-build": "^4.8.2"
      },
      "peerDependencies": {
        "tree-sitter": "^0.21.1"
      },
      "peerDependenciesMeta": {
        "tree-sitter": {
          "optional": true
        }
      }
    },
    "node_modules/tree-sitter-php": {
      "version": "0.24.2",
      "resolved": "https://registry.npmjs.org/tree-sitter-php/-/tree-sitter-php-0.24.2.tgz",
      "integrity": "sha512-zwgAePc/HozNaWOOfwRAA+3p8yhuehRw8Fb7vn5qd2XjiIc93uJPryDTMYTSjBRjVIUg/KY6pM3rRzs8dSwKfw==",
      "hasInstallScript": true,
      "license": "MIT",
      "dependencies": {
        "node-addon-api": "^8.2.2",
        "node-gyp-build": "^4.8.2"
      },
      "peerDependencies": {
        "tree-sitter": "^0.22.4"
      },
      "peerDependenciesMeta": {
        "tree-sitter": {
          "optional": true
        }
      }
    },
    "node_modules/tree-sitter-python": {
      "version": "0.25.0",
      "resolved": "https://registry.npmjs.org/tree-sitter-python/-/tree-sitter-python-0.25.0.tgz",
      "integrity": "sha512-eCmJx6zQa35GxaCtQD+wXHOhYqBxEL+bp71W/s3fcDMu06MrtzkVXR437dRrCrbrDbyLuUDJpAgycs7ncngLXw==",
      "hasInstallScript": true,
      "license": "MIT",
      "dependencies": {
        "node-addon-api": "^8.5.0",
        "node-gyp-build": "^4.8.4"
      },
      "peerDependencies": {
        "tree-sitter": "^0.25.0"
      },
      "peerDependenciesMeta": {
        "tree-sitter": {
          "optional": true
        }
      }
    },
    "node_modules/tree-sitter-rust": {
      "version": "0.24.0",
      "resolved": "https://registry.npmjs.org/tree-sitter-rust/-/tree-sitter-rust-0.24.0.tgz",
      "integrity": "sha512-NWemUDf629Tfc90Y0Z55zuwPCAHkLxWnMf2RznYu4iBkkrQl2o/CHGB7Cr52TyN5F1DAx8FmUnDtCy9iUkXZEQ==",
      "hasInstallScript": true,
      "license": "MIT",
      "dependencies": {
        "node-addon-api": "^8.2.2",
        "node-gyp-build": "^4.8.4"
      },
      "peerDependencies": {
        "tree-sitter": "^0.22.1"
      },
      "peerDependenciesMeta": {
        "tree-sitter": {
          "optional": true
        }
      }
    },
    "node_modules/web-tree-sitter": {
      "version": "0.26.8",
      "resolved": "https://registry.npmjs.org/web-tree-sitter/-/web-tree-sitter-0.26.8.tgz",
      "integrity": "sha512-4sUwi7ZyOrIk5KLgYLkc2A/F0LFMQnBhfb+2Cdl7ik4ePJ6JD+fk4ofI2sA5eGawBKBaK4Vntt7Ww5KcEsay4A==",
      "license": "MIT"
    }
  }
}
